
Microsoft Visual Studio Solution File, Format Version 12.00
# Visual Studio 14
VisualStudioVersion = 14.0.25420.1
MinimumVisualStudioVersion = 10.0.40219.1
Project("{FAE04EC0-301F-11D3-BF4B-00C04F79EFBC}") = "FractalPainter", "FractalPainter\FractalPainter.csproj", "{2A3ACF0E-1D07-4A1A-8320-F99DC2DE791F}"
EndProject
Project("{FAE04EC0-301F-11D3-BF4B-00C04F79EFBC}") = "TagsCloudContainer", "TagsCloudContainer\TagsCloudContainer.csproj", "{8C7BDC32-E526-42B5-B485-6B596D1A92E2}"
EndProject
Project("{FAE04EC0-301F-11D3-BF4B-00C04F79EFBC}") = "TagsCloudContainerTests", "TagsCloudContainerTests\TagsCloudContainerTests.csproj", "{8ED24A07-3715-4930-8275-2A5609F34B4D}"
EndProject
Project("{FAE04EC0-301F-11D3-BF4B-00C04F79EFBC}") = "TagsCloudVisualization", "TagsCloudVisualization\TagsCloudVisualization.csproj", "{F3CF5B50-35C7-4F42-8F39-21E462D67E0F}"
EndProject
Global
	GlobalSection(SolutionConfigurationPlatforms) = preSolution
		Debug|Any CPU = Debug|Any CPU
		Release|Any CPU = Release|Any CPU
	EndGlobalSection
	GlobalSection(ProjectConfigurationPlatforms) = postSolution
		{2A3ACF0E-1D07-4A1A-8320-F99DC2DE791F}.Debug|Any CPU.ActiveCfg = Debug|Any CPU
		{2A3ACF0E-1D07-4A1A-8320-F99DC2DE791F}.Debug|Any CPU.Build.0 = Debug|Any CPU
		{2A3ACF0E-1D07-4A1A-8320-F99DC2DE791F}.Release|Any CPU.ActiveCfg = Release|Any CPU
		{2A3ACF0E-1D07-4A1A-8320-F99DC2DE791F}.Release|Any CPU.Build.0 = Release|Any CPU
		{8C7BDC32-E526-42B5-B485-6B596D1A92E2}.Debug|Any CPU.ActiveCfg = Debug|Any CPU
		{8C7BDC32-E526-42B5-B485-6B596D1A92E2}.Debug|Any CPU.Build.0 = Debug|Any CPU
		{8C7BDC32-E526-42B5-B485-6B596D1A92E2}.Release|Any CPU.ActiveCfg = Release|Any CPU
		{8C7BDC32-E526-42B5-B485-6B596D1A92E2}.Release|Any CPU.Build.0 = Release|Any CPU
		{8ED24A07-3715-4930-8275-2A5609F34B4D}.Debug|Any CPU.ActiveCfg = Debug|Any CPU
		{8ED24A07-3715-4930-8275-2A5609F34B4D}.Debug|Any CPU.Build.0 = Debug|Any CPU
		{8ED24A07-3715-4930-8275-2A5609F34B4D}.Release|Any CPU.ActiveCfg = Release|Any CPU
		{8ED24A07-3715-4930-8275-2A5609F34B4D}.Release|Any CPU.Build.0 = Release|Any CPU
		{F3CF5B50-35C7-4F42-8F39-21E462D67E0F}.Debug|Any CPU.ActiveCfg = Debug|Any CPU
		{F3CF5B50-35C7-4F42-8F39-21E462D67E0F}.Debug|Any CPU.Build.0 = Debug|Any CPU
		{F3CF5B50-35C7-4F42-8F39-21E462D67E0F}.Release|Any CPU.ActiveCfg = Release|Any CPU
		{F3CF5B50-35C7-4F42-8F39-21E462D67E0F}.Release|Any CPU.Build.0 = Release|Any CPU
	EndGlobalSection
	GlobalSection(SolutionProperties) = preSolution
		HideSolutionNode = FALSE
	EndGlobalSection
EndGlobal
